// !$*UTF8*$!
{
	archiveVersion = 1;
	classes = {
	};
	objectVersion = 46;
	objects = {

/* Begin PBXBuildFile section */
		5D4F4EA61A4139E8003F2144 /* Jura-Medium.otf in Resources */ = {isa = PBXBuildFile; fileRef = 5D4F4EA51A4139E8003F2144 /* Jura-Medium.otf */; };
		5D9EA6871A6C3BC000319FD3 /* VotePickViewController.m in Sources */ = {isa = PBXBuildFile; fileRef = 5D9EA6861A6C3BC000319FD3 /* VotePickViewController.m */; };
		5D9EA68A1A6C3E1B00319FD3 /* MusicVoteViewController.m in Sources */ = {isa = PBXBuildFile; fileRef = 5D9EA6891A6C3E1B00319FD3 /* MusicVoteViewController.m */; };
		5D9EA68D1A6C47EB00319FD3 /* MusicTableViewCell.m in Sources */ = {isa = PBXBuildFile; fileRef = 5D9EA68C1A6C47EB00319FD3 /* MusicTableViewCell.m */; };
		5D9EA6901A6C533900319FD3 /* DJTableViewCell.m in Sources */ = {isa = PBXBuildFile; fileRef = 5D9EA68F1A6C533900319FD3 /* DJTableViewCell.m */; };
		5D9EA6921A6C8EF400319FD3 /* FacebookSDK.framework in Frameworks */ = {isa = PBXBuildFile; fileRef = 5D9EA6911A6C8EF400319FD3 /* FacebookSDK.framework */; };
		5D9F44EB1A6CA24000A88B04 /* ParseFacebookUtils.framework in Frameworks */ = {isa = PBXBuildFile; fileRef = 5D9F44EA1A6CA24000A88B04 /* ParseFacebookUtils.framework */; };
		5DE4D32A1A65BCD20047BEE7 /* DJVoteViewController.m in Sources */ = {isa = PBXBuildFile; fileRef = 5DE4D3291A65BCD20047BEE7 /* DJVoteViewController.m */; };
		5DE4D32D1A65E46F0047BEE7 /* ThankYouViewController.m in Sources */ = {isa = PBXBuildFile; fileRef = 5DE4D32C1A65E46F0047BEE7 /* ThankYouViewController.m */; };
		5DE9CAC61A3A709500F18C0A /* main.m in Sources */ = {isa = PBXBuildFile; fileRef = 5DE9CAC51A3A709500F18C0A /* main.m */; };
		5DE9CAC91A3A709500F18C0A /* AppDelegate.m in Sources */ = {isa = PBXBuildFile; fileRef = 5DE9CAC81A3A709500F18C0A /* AppDelegate.m */; };
		5DE9CACC1A3A709500F18C0A /* MapViewController.m in Sources */ = {isa = PBXBuildFile; fileRef = 5DE9CACB1A3A709500F18C0A /* MapViewController.m */; };
		5DE9CACF1A3A709500F18C0A /* Main.storyboard in Resources */ = {isa = PBXBuildFile; fileRef = 5DE9CACD1A3A709500F18C0A /* Main.storyboard */; };
		5DE9CAD11A3A709500F18C0A /* Images.xcassets in Resources */ = {isa = PBXBuildFile; fileRef = 5DE9CAD01A3A709500F18C0A /* Images.xcassets */; };
		5DE9CAD41A3A709500F18C0A /* LaunchScreen.xib in Resources */ = {isa = PBXBuildFile; fileRef = 5DE9CAD21A3A709500F18C0A /* LaunchScreen.xib */; };
		5DE9CAE01A3A709500F18C0A /* SilentRevolutionTests.m in Sources */ = {isa = PBXBuildFile; fileRef = 5DE9CADF1A3A709500F18C0A /* SilentRevolutionTests.m */; };
		5DE9CAEA1A3A7E2100F18C0A /* Parse.framework in Frameworks */ = {isa = PBXBuildFile; fileRef = 5DE9CAE91A3A7E2100F18C0A /* Parse.framework */; };
		5DE9CAEC1A3A7E3400F18C0A /* Bolts.framework in Frameworks */ = {isa = PBXBuildFile; fileRef = 5DE9CAEB1A3A7E3400F18C0A /* Bolts.framework */; };
		5DE9CAEE1A3A7FEF00F18C0A /* AudioToolbox.framework in Frameworks */ = {isa = PBXBuildFile; fileRef = 5DE9CAED1A3A7FEF00F18C0A /* AudioToolbox.framework */; };
		5DE9CAF01A3A7FF800F18C0A /* CFNetwork.framework in Frameworks */ = {isa = PBXBuildFile; fileRef = 5DE9CAEF1A3A7FF800F18C0A /* CFNetwork.framework */; };
		5DE9CAF21A3A800400F18C0A /* CoreGraphics.framework in Frameworks */ = {isa = PBXBuildFile; fileRef = 5DE9CAF11A3A800400F18C0A /* CoreGraphics.framework */; };
		5DE9CAF41A3A801000F18C0A /* CoreLocation.framework in Frameworks */ = {isa = PBXBuildFile; fileRef = 5DE9CAF31A3A801000F18C0A /* CoreLocation.framework */; };
		5DE9CAF61A3A802000F18C0A /* MobileCoreServices.framework in Frameworks */ = {isa = PBXBuildFile; fileRef = 5DE9CAF51A3A802000F18C0A /* MobileCoreServices.framework */; };
		5DE9CAF81A3A803200F18C0A /* QuartzCore.framework in Frameworks */ = {isa = PBXBuildFile; fileRef = 5DE9CAF71A3A803200F18C0A /* QuartzCore.framework */; };
		5DE9CAFA1A3A803A00F18C0A /* Security.framework in Frameworks */ = {isa = PBXBuildFile; fileRef = 5DE9CAF91A3A803A00F18C0A /* Security.framework */; };
		5DE9CAFC1A3A807000F18C0A /* StoreKit.framework in Frameworks */ = {isa = PBXBuildFile; fileRef = 5DE9CAFB1A3A807000F18C0A /* StoreKit.framework */; };
		5DE9CAFE1A3A807C00F18C0A /* SystemConfiguration.framework in Frameworks */ = {isa = PBXBuildFile; fileRef = 5DE9CAFD1A3A807C00F18C0A /* SystemConfiguration.framework */; };
		5DE9CB001A3A809000F18C0A /* libz.dylib in Frameworks */ = {isa = PBXBuildFile; fileRef = 5DE9CAFF1A3A809000F18C0A /* libz.dylib */; };
		5DE9CB021A3A80A100F18C0A /* libsqlite3.dylib in Frameworks */ = {isa = PBXBuildFile; fileRef = 5DE9CB011A3A80A100F18C0A /* libsqlite3.dylib */; };
		5DE9CB061A3A861700F18C0A /* DetailsViewController.m in Sources */ = {isa = PBXBuildFile; fileRef = 5DE9CB051A3A861700F18C0A /* DetailsViewController.m */; };
		5DE9CB091A3A867E00F18C0A /* DetailsTableViewCell.m in Sources */ = {isa = PBXBuildFile; fileRef = 5DE9CB081A3A867E00F18C0A /* DetailsTableViewCell.m */; };
		FA2DD2791AED518900B6C6E9 /* SettingsViewController.m in Sources */ = {isa = PBXBuildFile; fileRef = FA2DD2781AED518900B6C6E9 /* SettingsViewController.m */; };
/* End PBXBuildFile section */

/* Begin PBXContainerItemProxy section */
		5DE9CADA1A3A709500F18C0A /* PBXContainerItemProxy */ = {
			isa = PBXContainerItemProxy;
			containerPortal = 5DE9CAB81A3A709500F18C0A /* Project object */;
			proxyType = 1;
			remoteGlobalIDString = 5DE9CABF1A3A709500F18C0A;
			remoteInfo = SilentRevolution;
		};
/* End PBXContainerItemProxy section */

/* Begin PBXFileReference section */
		5D4F4EA51A4139E8003F2144 /* Jura-Medium.otf */ = {isa = PBXFileReference; lastKnownFileType = file; path = "Jura-Medium.otf"; sourceTree = "<group>"; };
		5D9EA6851A6C3BBF00319FD3 /* VotePickViewController.h */ = {isa = PBXFileReference; fileEncoding = 4; lastKnownFileType = sourcecode.c.h; path = VotePickViewController.h; sourceTree = "<group>"; };
		5D9EA6861A6C3BC000319FD3 /* VotePickViewController.m */ = {isa = PBXFileReference; fileEncoding = 4; lastKnownFileType = sourcecode.c.objc; path = VotePickViewController.m; sourceTree = "<group>"; };
		5D9EA6881A6C3E1B00319FD3 /* MusicVoteViewController.h */ = {isa = PBXFileReference; fileEncoding = 4; lastKnownFileType = sourcecode.c.h; path = MusicVoteViewController.h; sourceTree = "<group>"; };
		5D9EA6891A6C3E1B00319FD3 /* MusicVoteViewController.m */ = {isa = PBXFileReference; fileEncoding = 4; lastKnownFileType = sourcecode.c.objc; path = MusicVoteViewController.m; sourceTree = "<group>"; };
		5D9EA68B1A6C47EB00319FD3 /* MusicTableViewCell.h */ = {isa = PBXFileReference; fileEncoding = 4; lastKnownFileType = sourcecode.c.h; path = MusicTableViewCell.h; sourceTree = "<group>"; };
		5D9EA68C1A6C47EB00319FD3 /* MusicTableViewCell.m */ = {isa = PBXFileReference; fileEncoding = 4; lastKnownFileType = sourcecode.c.objc; path = MusicTableViewCell.m; sourceTree = "<group>"; };
		5D9EA68E1A6C533900319FD3 /* DJTableViewCell.h */ = {isa = PBXFileReference; fileEncoding = 4; lastKnownFileType = sourcecode.c.h; path = DJTableViewCell.h; sourceTree = "<group>"; };
		5D9EA68F1A6C533900319FD3 /* DJTableViewCell.m */ = {isa = PBXFileReference; fileEncoding = 4; lastKnownFileType = sourcecode.c.objc; path = DJTableViewCell.m; sourceTree = "<group>"; };
		5D9EA6911A6C8EF400319FD3 /* FacebookSDK.framework */ = {isa = PBXFileReference; lastKnownFileType = wrapper.framework; path = FacebookSDK.framework; sourceTree = "<group>"; };
		5D9F44EA1A6CA24000A88B04 /* ParseFacebookUtils.framework */ = {isa = PBXFileReference; lastKnownFileType = wrapper.framework; path = ParseFacebookUtils.framework; sourceTree = "<group>"; };
		5DE4D3281A65BCD20047BEE7 /* DJVoteViewController.h */ = {isa = PBXFileReference; fileEncoding = 4; lastKnownFileType = sourcecode.c.h; path = DJVoteViewController.h; sourceTree = "<group>"; };
		5DE4D3291A65BCD20047BEE7 /* DJVoteViewController.m */ = {isa = PBXFileReference; fileEncoding = 4; lastKnownFileType = sourcecode.c.objc; path = DJVoteViewController.m; sourceTree = "<group>"; };
		5DE4D32B1A65E46F0047BEE7 /* ThankYouViewController.h */ = {isa = PBXFileReference; fileEncoding = 4; lastKnownFileType = sourcecode.c.h; path = ThankYouViewController.h; sourceTree = "<group>"; };
		5DE4D32C1A65E46F0047BEE7 /* ThankYouViewController.m */ = {isa = PBXFileReference; fileEncoding = 4; lastKnownFileType = sourcecode.c.objc; path = ThankYouViewController.m; sourceTree = "<group>"; };
		5DE9CAC01A3A709500F18C0A /* SilentRevolution.app */ = {isa = PBXFileReference; explicitFileType = wrapper.application; includeInIndex = 0; path = SilentRevolution.app; sourceTree = BUILT_PRODUCTS_DIR; };
		5DE9CAC41A3A709500F18C0A /* Info.plist */ = {isa = PBXFileReference; lastKnownFileType = text.plist.xml; path = Info.plist; sourceTree = "<group>"; };
		5DE9CAC51A3A709500F18C0A /* main.m */ = {isa = PBXFileReference; lastKnownFileType = sourcecode.c.objc; path = main.m; sourceTree = "<group>"; };
		5DE9CAC71A3A709500F18C0A /* AppDelegate.h */ = {isa = PBXFileReference; lastKnownFileType = sourcecode.c.h; path = AppDelegate.h; sourceTree = "<group>"; };
		5DE9CAC81A3A709500F18C0A /* AppDelegate.m */ = {isa = PBXFileReference; lastKnownFileType = sourcecode.c.objc; path = AppDelegate.m; sourceTree = "<group>"; };
		5DE9CACA1A3A709500F18C0A /* MapViewController.h */ = {isa = PBXFileReference; lastKnownFileType = sourcecode.c.h; path = MapViewController.h; sourceTree = "<group>"; };
		5DE9CACB1A3A709500F18C0A /* MapViewController.m */ = {isa = PBXFileReference; lastKnownFileType = sourcecode.c.objc; path = MapViewController.m; sourceTree = "<group>"; };
		5DE9CACE1A3A709500F18C0A /* Base */ = {isa = PBXFileReference; lastKnownFileType = file.storyboard; name = Base; path = Base.lproj/Main.storyboard; sourceTree = "<group>"; };
		5DE9CAD01A3A709500F18C0A /* Images.xcassets */ = {isa = PBXFileReference; lastKnownFileType = folder.assetcatalog; path = Images.xcassets; sourceTree = "<group>"; };
		5DE9CAD31A3A709500F18C0A /* Base */ = {isa = PBXFileReference; lastKnownFileType = file.xib; name = Base; path = Base.lproj/LaunchScreen.xib; sourceTree = "<group>"; };
		5DE9CAD91A3A709500F18C0A /* SilentRevolutionTests.xctest */ = {isa = PBXFileReference; explicitFileType = wrapper.cfbundle; includeInIndex = 0; path = SilentRevolutionTests.xctest; sourceTree = BUILT_PRODUCTS_DIR; };
		5DE9CADE1A3A709500F18C0A /* Info.plist */ = {isa = PBXFileReference; lastKnownFileType = text.plist.xml; path = Info.plist; sourceTree = "<group>"; };
		5DE9CADF1A3A709500F18C0A /* SilentRevolutionTests.m */ = {isa = PBXFileReference; lastKnownFileType = sourcecode.c.objc; path = SilentRevolutionTests.m; sourceTree = "<group>"; };
		5DE9CAE91A3A7E2100F18C0A /* Parse.framework */ = {isa = PBXFileReference; lastKnownFileType = wrapper.framework; path = Parse.framework; sourceTree = "<group>"; };
		5DE9CAEB1A3A7E3400F18C0A /* Bolts.framework */ = {isa = PBXFileReference; lastKnownFileType = wrapper.framework; path = Bolts.framework; sourceTree = "<group>"; };
		5DE9CAED1A3A7FEF00F18C0A /* AudioToolbox.framework */ = {isa = PBXFileReference; lastKnownFileType = wrapper.framework; name = AudioToolbox.framework; path = System/Library/Frameworks/AudioToolbox.framework; sourceTree = SDKROOT; };
		5DE9CAEF1A3A7FF800F18C0A /* CFNetwork.framework */ = {isa = PBXFileReference; lastKnownFileType = wrapper.framework; name = CFNetwork.framework; path = System/Library/Frameworks/CFNetwork.framework; sourceTree = SDKROOT; };
		5DE9CAF11A3A800400F18C0A /* CoreGraphics.framework */ = {isa = PBXFileReference; lastKnownFileType = wrapper.framework; name = CoreGraphics.framework; path = System/Library/Frameworks/CoreGraphics.framework; sourceTree = SDKROOT; };
		5DE9CAF31A3A801000F18C0A /* CoreLocation.framework */ = {isa = PBXFileReference; lastKnownFileType = wrapper.framework; name = CoreLocation.framework; path = System/Library/Frameworks/CoreLocation.framework; sourceTree = SDKROOT; };
		5DE9CAF51A3A802000F18C0A /* MobileCoreServices.framework */ = {isa = PBXFileReference; lastKnownFileType = wrapper.framework; name = MobileCoreServices.framework; path = System/Library/Frameworks/MobileCoreServices.framework; sourceTree = SDKROOT; };
		5DE9CAF71A3A803200F18C0A /* QuartzCore.framework */ = {isa = PBXFileReference; lastKnownFileType = wrapper.framework; name = QuartzCore.framework; path = System/Library/Frameworks/QuartzCore.framework; sourceTree = SDKROOT; };
		5DE9CAF91A3A803A00F18C0A /* Security.framework */ = {isa = PBXFileReference; lastKnownFileType = wrapper.framework; name = Security.framework; path = System/Library/Frameworks/Security.framework; sourceTree = SDKROOT; };
		5DE9CAFB1A3A807000F18C0A /* StoreKit.framework */ = {isa = PBXFileReference; lastKnownFileType = wrapper.framework; name = StoreKit.framework; path = System/Library/Frameworks/StoreKit.framework; sourceTree = SDKROOT; };
		5DE9CAFD1A3A807C00F18C0A /* SystemConfiguration.framework */ = {isa = PBXFileReference; lastKnownFileType = wrapper.framework; name = SystemConfiguration.framework; path = System/Library/Frameworks/SystemConfiguration.framework; sourceTree = SDKROOT; };
		5DE9CAFF1A3A809000F18C0A /* libz.dylib */ = {isa = PBXFileReference; lastKnownFileType = "compiled.mach-o.dylib"; name = libz.dylib; path = usr/lib/libz.dylib; sourceTree = SDKROOT; };
		5DE9CB011A3A80A100F18C0A /* libsqlite3.dylib */ = {isa = PBXFileReference; lastKnownFileType = "compiled.mach-o.dylib"; name = libsqlite3.dylib; path = usr/lib/libsqlite3.dylib; sourceTree = SDKROOT; };
		5DE9CB041A3A861700F18C0A /* DetailsViewController.h */ = {isa = PBXFileReference; fileEncoding = 4; lastKnownFileType = sourcecode.c.h; path = DetailsViewController.h; sourceTree = "<group>"; };
		5DE9CB051A3A861700F18C0A /* DetailsViewController.m */ = {isa = PBXFileReference; fileEncoding = 4; lastKnownFileType = sourcecode.c.objc; path = DetailsViewController.m; sourceTree = "<group>"; };
		5DE9CB071A3A867E00F18C0A /* DetailsTableViewCell.h */ = {isa = PBXFileReference; fileEncoding = 4; lastKnownFileType = sourcecode.c.h; path = DetailsTableViewCell.h; sourceTree = "<group>"; };
		5DE9CB081A3A867E00F18C0A /* DetailsTableViewCell.m */ = {isa = PBXFileReference; fileEncoding = 4; lastKnownFileType = sourcecode.c.objc; path = DetailsTableViewCell.m; sourceTree = "<group>"; };
		FA2DD2771AED518900B6C6E9 /* SettingsViewController.h */ = {isa = PBXFileReference; fileEncoding = 4; lastKnownFileType = sourcecode.c.h; path = SettingsViewController.h; sourceTree = "<group>"; };
		FA2DD2781AED518900B6C6E9 /* SettingsViewController.m */ = {isa = PBXFileReference; fileEncoding = 4; lastKnownFileType = sourcecode.c.objc; path = SettingsViewController.m; sourceTree = "<group>"; };
/* End PBXFileReference section */

/* Begin PBXFrameworksBuildPhase section */
		5DE9CABD1A3A709500F18C0A /* Frameworks */ = {
			isa = PBXFrameworksBuildPhase;
			buildActionMask = 2147483647;
			files = (
				5DE9CB021A3A80A100F18C0A /* libsqlite3.dylib in Frameworks */,
				5DE9CB001A3A809000F18C0A /* libz.dylib in Frameworks */,
				5DE9CAFE1A3A807C00F18C0A /* SystemConfiguration.framework in Frameworks */,
				5DE9CAFC1A3A807000F18C0A /* StoreKit.framework in Frameworks */,
				5DE9CAFA1A3A803A00F18C0A /* Security.framework in Frameworks */,
				5DE9CAF81A3A803200F18C0A /* QuartzCore.framework in Frameworks */,
				5DE9CAF61A3A802000F18C0A /* MobileCoreServices.framework in Frameworks */,
				5DE9CAF41A3A801000F18C0A /* CoreLocation.framework in Frameworks */,
				5D9F44EB1A6CA24000A88B04 /* ParseFacebookUtils.framework in Frameworks */,
				5DE9CAF21A3A800400F18C0A /* CoreGraphics.framework in Frameworks */,
				5DE9CAF01A3A7FF800F18C0A /* CFNetwork.framework in Frameworks */,
				5DE9CAEE1A3A7FEF00F18C0A /* AudioToolbox.framework in Frameworks */,
				5DE9CAEA1A3A7E2100F18C0A /* Parse.framework in Frameworks */,
				5DE9CAEC1A3A7E3400F18C0A /* Bolts.framework in Frameworks */,
				5D9EA6921A6C8EF400319FD3 /* FacebookSDK.framework in Frameworks */,
			);
			runOnlyForDeploymentPostprocessing = 0;
		};
		5DE9CAD61A3A709500F18C0A /* Frameworks */ = {
			isa = PBXFrameworksBuildPhase;
			buildActionMask = 2147483647;
			files = (
			);
			runOnlyForDeploymentPostprocessing = 0;
		};
/* End PBXFrameworksBuildPhase section */

/* Begin PBXGroup section */
		5D4F4EA41A4139C4003F2144 /* Resources */ = {
			isa = PBXGroup;
			children = (
				5D4F4EA51A4139E8003F2144 /* Jura-Medium.otf */,
				5DE9CAD01A3A709500F18C0A /* Images.xcassets */,
			);
			name = Resources;
			sourceTree = "<group>";
		};
		5DE9CAB71A3A709500F18C0A = {
			isa = PBXGroup;
			children = (
				5DE9CAC21A3A709500F18C0A /* SilentRevolution */,
				5DE9CADC1A3A709500F18C0A /* SilentRevolutionTests */,
				5DE9CAC11A3A709500F18C0A /* Products */,
				5DE9CB031A3A859200F18C0A /* Frameworks */,
			);
			sourceTree = "<group>";
		};
		5DE9CAC11A3A709500F18C0A /* Products */ = {
			isa = PBXGroup;
			children = (
				5DE9CAC01A3A709500F18C0A /* SilentRevolution.app */,
				5DE9CAD91A3A709500F18C0A /* SilentRevolutionTests.xctest */,
			);
			name = Products;
			sourceTree = "<group>";
		};
		5DE9CAC21A3A709500F18C0A /* SilentRevolution */ = {
			isa = PBXGroup;
			children = (
				5DE9CACD1A3A709500F18C0A /* Main.storyboard */,
				5DE9CAC71A3A709500F18C0A /* AppDelegate.h */,
				5DE9CAC81A3A709500F18C0A /* AppDelegate.m */,
				5DE9CACA1A3A709500F18C0A /* MapViewController.h */,
				5DE9CACB1A3A709500F18C0A /* MapViewController.m */,
				5DE9CB041A3A861700F18C0A /* DetailsViewController.h */,
				5DE9CB051A3A861700F18C0A /* DetailsViewController.m */,
				5DE9CB071A3A867E00F18C0A /* DetailsTableViewCell.h */,
				5DE9CB081A3A867E00F18C0A /* DetailsTableViewCell.m */,
				5D9EA6851A6C3BBF00319FD3 /* VotePickViewController.h */,
				5D9EA6861A6C3BC000319FD3 /* VotePickViewController.m */,
				5DE4D3281A65BCD20047BEE7 /* DJVoteViewController.h */,
				5DE4D3291A65BCD20047BEE7 /* DJVoteViewController.m */,
				5D9EA68E1A6C533900319FD3 /* DJTableViewCell.h */,
				5D9EA68F1A6C533900319FD3 /* DJTableViewCell.m */,
				5D9EA6881A6C3E1B00319FD3 /* MusicVoteViewController.h */,
				5D9EA6891A6C3E1B00319FD3 /* MusicVoteViewController.m */,
				5D9EA68B1A6C47EB00319FD3 /* MusicTableViewCell.h */,
				5D9EA68C1A6C47EB00319FD3 /* MusicTableViewCell.m */,
				5DE4D32B1A65E46F0047BEE7 /* ThankYouViewController.h */,
				5DE4D32C1A65E46F0047BEE7 /* ThankYouViewController.m */,
				FA2DD2771AED518900B6C6E9 /* SettingsViewController.h */,
				FA2DD2781AED518900B6C6E9 /* SettingsViewController.m */,
				5DE9CAD21A3A709500F18C0A /* LaunchScreen.xib */,
				5D4F4EA41A4139C4003F2144 /* Resources */,
				5DE9CAC31A3A709500F18C0A /* Supporting Files */,
			);
			path = SilentRevolution;
			sourceTree = "<group>";
		};
		5DE9CAC31A3A709500F18C0A /* Supporting Files */ = {
			isa = PBXGroup;
			children = (
				5DE9CAC41A3A709500F18C0A /* Info.plist */,
				5DE9CAC51A3A709500F18C0A /* main.m */,
			);
			name = "Supporting Files";
			sourceTree = "<group>";
		};
		5DE9CADC1A3A709500F18C0A /* SilentRevolutionTests */ = {
			isa = PBXGroup;
			children = (
				5DE9CADF1A3A709500F18C0A /* SilentRevolutionTests.m */,
				5DE9CADD1A3A709500F18C0A /* Supporting Files */,
			);
			path = SilentRevolutionTests;
			sourceTree = "<group>";
		};
		5DE9CADD1A3A709500F18C0A /* Supporting Files */ = {
			isa = PBXGroup;
			children = (
				5DE9CADE1A3A709500F18C0A /* Info.plist */,
			);
			name = "Supporting Files";
			sourceTree = "<group>";
		};
		5DE9CB031A3A859200F18C0A /* Frameworks */ = {
			isa = PBXGroup;
			children = (
				5D9F44EA1A6CA24000A88B04 /* ParseFacebookUtils.framework */,
				5D9EA6911A6C8EF400319FD3 /* FacebookSDK.framework */,
				5DE9CB011A3A80A100F18C0A /* libsqlite3.dylib */,
				5DE9CAFF1A3A809000F18C0A /* libz.dylib */,
				5DE9CAFD1A3A807C00F18C0A /* SystemConfiguration.framework */,
				5DE9CAFB1A3A807000F18C0A /* StoreKit.framework */,
				5DE9CAF91A3A803A00F18C0A /* Security.framework */,
				5DE9CAF71A3A803200F18C0A /* QuartzCore.framework */,
				5DE9CAF51A3A802000F18C0A /* MobileCoreServices.framework */,
				5DE9CAF31A3A801000F18C0A /* CoreLocation.framework */,
				5DE9CAF11A3A800400F18C0A /* CoreGraphics.framework */,
				5DE9CAEF1A3A7FF800F18C0A /* CFNetwork.framework */,
				5DE9CAED1A3A7FEF00F18C0A /* AudioToolbox.framework */,
				5DE9CAEB1A3A7E3400F18C0A /* Bolts.framework */,
				5DE9CAE91A3A7E2100F18C0A /* Parse.framework */,
			);
			name = Frameworks;
			sourceTree = "<group>";
		};
/* End PBXGroup section */

/* Begin PBXNativeTarget section */
		5DE9CABF1A3A709500F18C0A /* SilentRevolution */ = {
			isa = PBXNativeTarget;
			buildConfigurationList = 5DE9CAE31A3A709500F18C0A /* Build configuration list for PBXNativeTarget "SilentRevolution" */;
			buildPhases = (
				5DE9CABC1A3A709500F18C0A /* Sources */,
				5DE9CABD1A3A709500F18C0A /* Frameworks */,
				5DE9CABE1A3A709500F18C0A /* Resources */,
			);
			buildRules = (
			);
			dependencies = (
			);
			name = SilentRevolution;
			productName = SilentRevolution;
			productReference = 5DE9CAC01A3A709500F18C0A /* SilentRevolution.app */;
			productType = "com.apple.product-type.application";
		};
		5DE9CAD81A3A709500F18C0A /* SilentRevolutionTests */ = {
			isa = PBXNativeTarget;
			buildConfigurationList = 5DE9CAE61A3A709500F18C0A /* Build configuration list for PBXNativeTarget "SilentRevolutionTests" */;
			buildPhases = (
				5DE9CAD51A3A709500F18C0A /* Sources */,
				5DE9CAD61A3A709500F18C0A /* Frameworks */,
				5DE9CAD71A3A709500F18C0A /* Resources */,
			);
			buildRules = (
			);
			dependencies = (
				5DE9CADB1A3A709500F18C0A /* PBXTargetDependency */,
			);
			name = SilentRevolutionTests;
			productName = SilentRevolutionTests;
			productReference = 5DE9CAD91A3A709500F18C0A /* SilentRevolutionTests.xctest */;
			productType = "com.apple.product-type.bundle.unit-test";
		};
/* End PBXNativeTarget section */

/* Begin PBXProject section */
		5DE9CAB81A3A709500F18C0A /* Project object */ = {
			isa = PBXProject;
			attributes = {
				LastUpgradeCheck = 0610;
				ORGANIZATIONNAME = "Alex Hudson";
				TargetAttributes = {
					5DE9CABF1A3A709500F18C0A = {
						CreatedOnToolsVersion = 6.1.1;
						DevelopmentTeam = KTXSHTJLS6;
					};
					5DE9CAD81A3A709500F18C0A = {
						CreatedOnToolsVersion = 6.1.1;
						TestTargetID = 5DE9CABF1A3A709500F18C0A;
					};
				};
			};
			buildConfigurationList = 5DE9CABB1A3A709500F18C0A /* Build configuration list for PBXProject "SilentRevolution" */;
			compatibilityVersion = "Xcode 3.2";
			developmentRegion = English;
			hasScannedForEncodings = 0;
			knownRegions = (
				en,
				Base,
			);
			mainGroup = 5DE9CAB71A3A709500F18C0A;
			productRefGroup = 5DE9CAC11A3A709500F18C0A /* Products */;
			projectDirPath = "";
			projectRoot = "";
			targets = (
				5DE9CABF1A3A709500F18C0A /* SilentRevolution */,
				5DE9CAD81A3A709500F18C0A /* SilentRevolutionTests */,
			);
		};
/* End PBXProject section */

/* Begin PBXResourcesBuildPhase section */
		5DE9CABE1A3A709500F18C0A /* Resources */ = {
			isa = PBXResourcesBuildPhase;
			buildActionMask = 2147483647;
			files = (
				5DE9CACF1A3A709500F18C0A /* Main.storyboard in Resources */,
				5DE9CAD41A3A709500F18C0A /* LaunchScreen.xib in Resources */,
				5D4F4EA61A4139E8003F2144 /* Jura-Medium.otf in Resources */,
				5DE9CAD11A3A709500F18C0A /* Images.xcassets in Resources */,
			);
			runOnlyForDeploymentPostprocessing = 0;
		};
		5DE9CAD71A3A709500F18C0A /* Resources */ = {
			isa = PBXResourcesBuildPhase;
			buildActionMask = 2147483647;
			files = (
			);
			runOnlyForDeploymentPostprocessing = 0;
		};
/* End PBXResourcesBuildPhase section */

/* Begin PBXSourcesBuildPhase section */
		5DE9CABC1A3A709500F18C0A /* Sources */ = {
			isa = PBXSourcesBuildPhase;
			buildActionMask = 2147483647;
			files = (
				5DE4D32D1A65E46F0047BEE7 /* ThankYouViewController.m in Sources */,
				5D9EA68D1A6C47EB00319FD3 /* MusicTableViewCell.m in Sources */,
				5DE4D32A1A65BCD20047BEE7 /* DJVoteViewController.m in Sources */,
				FA2DD2791AED518900B6C6E9 /* SettingsViewController.m in Sources */,
				5DE9CACC1A3A709500F18C0A /* MapViewController.m in Sources */,
				5DE9CAC91A3A709500F18C0A /* AppDelegate.m in Sources */,
				5DE9CB091A3A867E00F18C0A /* DetailsTableViewCell.m in Sources */,
				5DE9CAC61A3A709500F18C0A /* main.m in Sources */,
				5DE9CB061A3A861700F18C0A /* DetailsViewController.m in Sources */,
				5D9EA6901A6C533900319FD3 /* DJTableViewCell.m in Sources */,
				5D9EA6871A6C3BC000319FD3 /* VotePickViewController.m in Sources */,
				5D9EA68A1A6C3E1B00319FD3 /* MusicVoteViewController.m in Sources */,
			);
			runOnlyForDeploymentPostprocessing = 0;
		};
		5DE9CAD51A3A709500F18C0A /* Sources */ = {
			isa = PBXSourcesBuildPhase;
			buildActionMask = 2147483647;
			files = (
				5DE9CAE01A3A709500F18C0A /* SilentRevolutionTests.m in Sources */,
			);
			runOnlyForDeploymentPostprocessing = 0;
		};
/* End PBXSourcesBuildPhase section */

/* Begin PBXTargetDependency section */
		5DE9CADB1A3A709500F18C0A /* PBXTargetDependency */ = {
			isa = PBXTargetDependency;
			target = 5DE9CABF1A3A709500F18C0A /* SilentRevolution */;
			targetProxy = 5DE9CADA1A3A709500F18C0A /* PBXContainerItemProxy */;
		};
/* End PBXTargetDependency section */

/* Begin PBXVariantGroup section */
		5DE9CACD1A3A709500F18C0A /* Main.storyboard */ = {
			isa = PBXVariantGroup;
			children = (
				5DE9CACE1A3A709500F18C0A /* Base */,
			);
			name = Main.storyboard;
			sourceTree = "<group>";
		};
		5DE9CAD21A3A709500F18C0A /* LaunchScreen.xib */ = {
			isa = PBXVariantGroup;
			children = (
				5DE9CAD31A3A709500F18C0A /* Base */,
			);
			name = LaunchScreen.xib;
			sourceTree = "<group>";
		};
/* End PBXVariantGroup section */

/* Begin XCBuildConfiguration section */
		5DE9CAE11A3A709500F18C0A /* Debug */ = {
			isa = XCBuildConfiguration;
			buildSettings = {
				ALWAYS_SEARCH_USER_PATHS = NO;
				CLANG_CXX_LANGUAGE_STANDARD = "gnu++0x";
				CLANG_CXX_LIBRARY = "libc++";
				CLANG_ENABLE_MODULES = YES;
				CLANG_ENABLE_OBJC_ARC = YES;
				CLANG_WARN_BOOL_CONVERSION = YES;
				CLANG_WARN_CONSTANT_CONVERSION = YES;
				CLANG_WARN_DIRECT_OBJC_ISA_USAGE = YES_ERROR;
				CLANG_WARN_EMPTY_BODY = YES;
				CLANG_WARN_ENUM_CONVERSION = YES;
				CLANG_WARN_INT_CONVERSION = YES;
				CLANG_WARN_OBJC_ROOT_CLASS = YES_ERROR;
				CLANG_WARN_UNREACHABLE_CODE = YES;
				CLANG_WARN__DUPLICATE_METHOD_MATCH = YES;
				"CODE_SIGN_IDENTITY[sdk=iphoneos*]" = "iPhone Developer";
				COPY_PHASE_STRIP = NO;
				ENABLE_STRICT_OBJC_MSGSEND = YES;
				GCC_C_LANGUAGE_STANDARD = gnu99;
				GCC_DYNAMIC_NO_PIC = NO;
				GCC_OPTIMIZATION_LEVEL = 0;
				GCC_PREPROCESSOR_DEFINITIONS = (
					"DEBUG=1",
					"$(inherited)",
				);
				GCC_SYMBOLS_PRIVATE_EXTERN = NO;
				GCC_WARN_64_TO_32_BIT_CONVERSION = YES;
				GCC_WARN_ABOUT_RETURN_TYPE = YES_ERROR;
				GCC_WARN_UNDECLARED_SELECTOR = YES;
				GCC_WARN_UNINITIALIZED_AUTOS = YES_AGGRESSIVE;
				GCC_WARN_UNUSED_FUNCTION = YES;
				GCC_WARN_UNUSED_VARIABLE = YES;
				IPHONEOS_DEPLOYMENT_TARGET = 8.1;
				MTL_ENABLE_DEBUG_INFO = YES;
				ONLY_ACTIVE_ARCH = YES;
				PROVISIONING_PROFILE = "";
				SDKROOT = iphoneos;
			};
			name = Debug;
		};
		5DE9CAE21A3A709500F18C0A /* Release */ = {
			isa = XCBuildConfiguration;
			buildSettings = {
				ALWAYS_SEARCH_USER_PATHS = NO;
				CLANG_CXX_LANGUAGE_STANDARD = "gnu++0x";
				CLANG_CXX_LIBRARY = "libc++";
				CLANG_ENABLE_MODULES = YES;
				CLANG_ENABLE_OBJC_ARC = YES;
				CLANG_WARN_BOOL_CONVERSION = YES;
				CLANG_WARN_CONSTANT_CONVERSION = YES;
				CLANG_WARN_DIRECT_OBJC_ISA_USAGE = YES_ERROR;
				CLANG_WARN_EMPTY_BODY = YES;
				CLANG_WARN_ENUM_CONVERSION = YES;
				CLANG_WARN_INT_CONVERSION = YES;
				CLANG_WARN_OBJC_ROOT_CLASS = YES_ERROR;
				CLANG_WARN_UNREACHABLE_CODE = YES;
				CLANG_WARN__DUPLICATE_METHOD_MATCH = YES;
				"CODE_SIGN_IDENTITY[sdk=iphoneos*]" = "iPhone Developer";
				COPY_PHASE_STRIP = YES;
				ENABLE_NS_ASSERTIONS = NO;
				ENABLE_STRICT_OBJC_MSGSEND = YES;
				GCC_C_LANGUAGE_STANDARD = gnu99;
				GCC_WARN_64_TO_32_BIT_CONVERSION = YES;
				GCC_WARN_ABOUT_RETURN_TYPE = YES_ERROR;
				GCC_WARN_UNDECLARED_SELECTOR = YES;
				GCC_WARN_UNINITIALIZED_AUTOS = YES_AGGRESSIVE;
				GCC_WARN_UNUSED_FUNCTION = YES;
				GCC_WARN_UNUSED_VARIABLE = YES;
				IPHONEOS_DEPLOYMENT_TARGET = 8.1;
				MTL_ENABLE_DEBUG_INFO = NO;
				PROVISIONING_PROFILE = "";
				SDKROOT = iphoneos;
				VALIDATE_PRODUCT = YES;
			};
			name = Release;
		};
		5DE9CAE41A3A709500F18C0A /* Debug */ = {
			isa = XCBuildConfiguration;
			buildSettings = {
				ASSETCATALOG_COMPILER_APPICON_NAME = AppIcon;
				CODE_SIGN_IDENTITY = "Apple Development IOS Push Services: AlexHudson.SilentRevolution";
				"CODE_SIGN_IDENTITY[sdk=iphoneos*]" = "iPhone Developer: Alex Hudson (YP7UW6XRP7)";
				FRAMEWORK_SEARCH_PATHS = (
					"$(inherited)",
					"$(PROJECT_DIR)",
				);
				INFOPLIST_FILE = SilentRevolution/Info.plist;
				IPHONEOS_DEPLOYMENT_TARGET = 8.0;
				LD_RUNPATH_SEARCH_PATHS = "$(inherited) @executable_path/Frameworks";
				PRODUCT_NAME = "$(TARGET_NAME)";
				PROVISIONING_PROFILE = "";
			};
			name = Debug;
		};
		5DE9CAE51A3A709500F18C0A /* Release */ = {
			isa = XCBuildConfiguration;
			buildSettings = {
				ASSETCATALOG_COMPILER_APPICON_NAME = AppIcon;
				CODE_SIGN_IDENTITY = "Apple Development IOS Push Services: AlexHudson.SilentRevolution";
				"CODE_SIGN_IDENTITY[sdk=iphoneos*]" = "iPhone Developer: Alex Hudson (YP7UW6XRP7)";
				FRAMEWORK_SEARCH_PATHS = (
					"$(inherited)",
					"$(PROJECT_DIR)",
				);
				INFOPLIST_FILE = SilentRevolution/Info.plist;
				IPHONEOS_DEPLOYMENT_TARGET = 8.0;
				LD_RUNPATH_SEARCH_PATHS = "$(inherited) @executable_path/Frameworks";
				PRODUCT_NAME = "$(TARGET_NAME)";
				PROVISIONING_PROFILE = "";
			};
			name = Release;
		};
		5DE9CAE71A3A709500F18C0A /* Debug */ = {
			isa = XCBuildConfiguration;
			buildSettings = {
				BUNDLE_LOADER = "$(TEST_HOST)";
				FRAMEWORK_SEARCH_PATHS = (
					"$(SDKROOT)/Developer/Library/Frameworks",
					"$(inherited)",
				);
				GCC_PREPROCESSOR_DEFINITIONS = (
					"DEBUG=1",
					"$(inherited)",
				);
				INFOPLIST_FILE = SilentRevolutionTests/Info.plist;
				LD_RUNPATH_SEARCH_PATHS = "$(inherited) @executable_path/Frameworks @loader_path/Frameworks";
				PRODUCT_NAME = "$(TARGET_NAME)";
				TEST_HOST = "$(BUILT_PRODUCTS_DIR)/SilentRevolution.app/SilentRevolution";
			};
			name = Debug;
		};
		5DE9CAE81A3A709500F18C0A /* Release */ = {
			isa = XCBuildConfiguration;
			buildSettings = {
				BUNDLE_LOADER = "$(TEST_HOST)";
				FRAMEWORK_SEARCH_PATHS = (
					"$(SDKROOT)/Developer/Library/Frameworks",
					"$(inherited)",
				);
				INFOPLIST_FILE = SilentRevolutionTests/Info.plist;
				LD_RUNPATH_SEARCH_PATHS = "$(inherited) @executable_path/Frameworks @loader_path/Frameworks";
				PRODUCT_NAME = "$(TARGET_NAME)";
				TEST_HOST = "$(BUILT_PRODUCTS_DIR)/SilentRevolution.app/SilentRevolution";
			};
			name = Release;
		};
/* End XCBuildConfiguration section */

/* Begin XCConfigurationList section */
		5DE9CABB1A3A709500F18C0A /* Build configuration list for PBXProject "SilentRevolution" */ = {
			isa = XCConfigurationList;
			buildConfigurations = (
				5DE9CAE11A3A709500F18C0A /* Debug */,
				5DE9CAE21A3A709500F18C0A /* Release */,
			);
			defaultConfigurationIsVisible = 0;
			defaultConfigurationName = Release;
		};
		5DE9CAE31A3A709500F18C0A /* Build configuration list for PBXNativeTarget "SilentRevolution" */ = {
			isa = XCConfigurationList;
			buildConfigurations = (
				5DE9CAE41A3A709500F18C0A /* Debug */,
				5DE9CAE51A3A709500F18C0A /* Release */,
			);
			defaultConfigurationIsVisible = 0;
			defaultConfigurationName = Release;
		};
		5DE9CAE61A3A709500F18C0A /* Build configuration list for PBXNativeTarget "SilentRevolutionTests" */ = {
			isa = XCConfigurationList;
			buildConfigurations = (
				5DE9CAE71A3A709500F18C0A /* Debug */,
				5DE9CAE81A3A709500F18C0A /* Release */,
			);
			defaultConfigurationIsVisible = 0;
			defaultConfigurationName = Release;
		};
/* End XCConfigurationList section */
	};
	rootObject = 5DE9CAB81A3A709500F18C0A /* Project object */;
}
